# THIS IS AN AUTOGENERATED FILE. DO NOT EDIT THIS FILE DIRECTLY.
# yarn lockfile v1


"js-tokens@^3.0.0 || ^4.0.0":
  version "4.0.0"
  resolved "https://registry.yarnpkg.com/js-tokens/-/js-tokens-4.0.0.tgz#19203fb59991df98e3a287050d4647cdeaf32499"
  integrity sha512-RdJUflcE3cUzKiMqQgsCu06FPu9UdIJO0beYbPhHN4k6apgJtifcoCtT9bcxOpYBtpD2kCM6Sbzg4CausW/PKQ==

loose-envify@^1.1.0, loose-envify@^1.4.0:
  version "1.4.0"
  resolved "https://registry.yarnpkg.com/loose-envify/-/loose-envify-1.4.0.tgz#71ee51fa7be4caec1a63839f7e682d8132d30caf"
  integrity sha512-lyuxPGr/Wfhrlem2CL/UcnUc1zcqKAImBDzukY7Y5F/yQiNdko6+fRLevlw1HgMySw7f611UIY408EtxRSoK3Q==
  dependencies:
    js-tokens "^3.0.0 || ^4.0.0"

moment@^2.24.0:
  version "2.24.0"
  resolved "https://registry.yarnpkg.com/moment/-/moment-2.24.0.tgz#0d055d53f5052aa653c9f6eb68bb5d12bf5c2b5b"
  integrity sha512-bV7f+6l2QigeBBZSM/6yTNq4P2fNpSWj/0e7jQcy87A8e7o2nAfP/34/2ky5Vw4B9S446EtIhodAzkFCcR4dQg==

object-assign@^4.1.1:
  version "4.1.1"
  resolved "https://registry.yarnpkg.com/object-assign/-/object-assign-4.1.1.tgz#2109adc7965887cfc05cbbd442cac8bfbb360863"
  integrity sha1-IQmtx5ZYh8/AXLvUQsrIv7s2CGM=

prop-types@^15.6.2:
  version "15.7.2"
  resolved "https://registry.yarnpkg.com/prop-types/-/prop-types-15.7.2.tgz#52c41e75b8c87e72b9d9360e0206b99dcbffa6c5"
  integrity sha512-8QQikdH7//R2vurIJSutZ1smHYTcLpRWEOlHnzcWHmBYrOGUysKwSsrC89BCiFj3CbrfJ/nXFdJepOVrY1GCHQ==
  dependencies:
    loose-envify "^1.4.0"
    object-assign "^4.1.1"
    react-is "^16.8.1"

react-dom@>=16.9.0:
  version "16.10.1"
  resolved "https://registry.yarnpkg.com/react-dom/-/react-dom-16.10.1.tgz#479a6511ba34a429273c213cbc2a9ac4d296dac1"
  integrity sha512-SmM4ZW0uug0rn95U8uqr52I7UdNf6wdGLeXDmNLfg3y5q5H9eAbdjF5ubQc3bjDyRrvdAB2IKG7X0GzSpnn5Mg==
  dependencies:
    loose-envify "^1.1.0"
    object-assign "^4.1.1"
    prop-types "^15.6.2"
    scheduler "^0.16.1"

react-is@^16.8.1:
  version "16.10.1"
  resolved "https://registry.yarnpkg.com/react-is/-/react-is-16.10.1.tgz#0612786bf19df406502d935494f0450b40b8294f"
  integrity sha512-BXUMf9sIOPXXZWqr7+c5SeOKJykyVr2u0UDzEf4LNGc6taGkQe1A9DFD07umCIXz45RLr9oAAwZbAJ0Pkknfaw==

react@>=16.9.0:
  version "16.10.1"
  resolved "https://registry.yarnpkg.com/react/-/react-16.10.1.tgz#967c1e71a2767dfa699e6ba702a00483e3b0573f"
  integrity sha512-2bisHwMhxQ3XQz4LiJJwG3360pY965pTl/MRrZYxIBKVj4fOHoDs5aZAkYXGxDRO1Li+SyjTAilQEbOmtQJHzA==
  dependencies:
    loose-envify "^1.1.0"
    object-assign "^4.1.1"
    prop-types "^15.6.2"

scheduler@^0.16.1:
  version "0.16.1"
  resolved "https://registry.yarnpkg.com/scheduler/-/scheduler-0.16.1.tgz#a6fb6ddec12dc2119176e6eb54ecfe69a9eba8df"
  integrity sha512-MIuie7SgsqMYOdCXVFZa8SKoNorJZUWHW8dPgto7uEHn1lX3fg2Gu0TzgK8USj76uxV7vB5eRMnZs/cdEHg+cg==
  dependencies:
    loose-envify "^1.1.0"
    object-assign "^4.1.1"
